
Microsoft Visual Studio Solution File, Format Version 12.00
# Visual Studio 15
VisualStudioVersion = 15.0.28307.1321
MinimumVisualStudioVersion = 10.0.40219.1
Project("{FAE04EC0-301F-11D3-BF4B-00C04F79EFBC}") = "PEO.API", "PEO.API\PEO.API.csproj", "{04DE924F-D6E5-4D13-9943-08237432E732}"
EndProject
Global
	GlobalSection(SolutionConfigurationPlatforms) = preSolution
		Debug|Any CPU = Debug|Any CPU
		Release|Any CPU = Release|Any CPU
	EndGlobalSection
	GlobalSection(ProjectConfigurationPlatforms) = postSolution
		{04DE924F-D6E5-4D13-9943-08237432E732}.Debug|Any CPU.ActiveCfg = Debug|Any CPU
		{04DE924F-D6E5-4D13-9943-08237432E732}.Debug|Any CPU.Build.0 = Debug|Any CPU
		{04DE924F-D6E5-4D13-9943-08237432E732}.Release|Any CPU.ActiveCfg = Release|Any CPU
		{04DE924F-D6E5-4D13-9943-08237432E732}.Release|Any CPU.Build.0 = Release|Any CPU
	EndGlobalSection
	GlobalSection(SolutionProperties) = preSolution
		HideSolutionNode = FALSE
	EndGlobalSection
	GlobalSection(ExtensibilityGlobals) = postSolution
		SolutionGuid = {7604C61A-8DA4-4407-89A1-3ABFBC3D5D81}
	EndGlobalSection
EndGlobal
